
Microsoft Visual Studio Solution File, Format Version 12.00
# Visual Studio Version 16
VisualStudioVersion = 16.0.33927.289
MinimumVisualStudioVersion = 10.0.40219.1
Project("{2150E333-8FDC-42A3-9474-1A3956D46DE8}") = "Task0", "Task0", "{D7682FAE-2CC6-42EB-AC6E-5CDAA99048A2}"
EndProject
Project("{FAE04EC0-301F-11D3-BF4B-00C04F79EFBC}") = "Tyuiu.BelovaEA.Sprint2.Task0.V5", "Tyuiu.BelovaEA.Sprint2.Task0.V5\Tyuiu.BelovaEA.Sprint2.Task0.V5.csproj", "{B6619F23-074A-4830-AB92-37B48B40ABDB}"
EndProject
Project("{FAE04EC0-301F-11D3-BF4B-00C04F79EFBC}") = "Tyuiu.BelovaEA.Sprint2.Task0.V5.Test", "Tyuiu.BelovaEA.Sprint2.Task0.V5.Test\Tyuiu.BelovaEA.Sprint2.Task0.V5.Test.csproj", "{12A3F646-476A-4F96-89C7-18A0B09E775C}"
EndProject
Project("{FAE04EC0-301F-11D3-BF4B-00C04F79EFBC}") = "Tyuiu.BelovaEA.Sprint2.Task0.V5.Lib", "Tyuiu.BelovaEA.Sprint2.Task0.V5.Lib\Tyuiu.BelovaEA.Sprint2.Task0.V5.Lib.csproj", "{220623DB-29F8-4D76-A44A-37216A476C6B}"
EndProject
Project("{2150E333-8FDC-42A3-9474-1A3956D46DE8}") = "Task1", "Task1", "{50929512-B507-457B-912B-625CE9E0E507}"
EndProject
Project("{FAE04EC0-301F-11D3-BF4B-00C04F79EFBC}") = "Tyuiu.BelovaEA.Sprint2.Task1.V22", "Tyuiu.BelovaEA.Sprint2.Task1.V22\Tyuiu.BelovaEA.Sprint2.Task1.V22.csproj", "{67C8BB7B-FCC9-4B21-B586-75831E72A73E}"
EndProject
Project("{FAE04EC0-301F-11D3-BF4B-00C04F79EFBC}") = "Tyuiu.BelovaEA.Sprint2.Task1.V22.Test", "Tyuiu.BelovaEA.Sprint2.Task1.V22.Test\Tyuiu.BelovaEA.Sprint2.Task1.V22.Test.csproj", "{4CA7D5AD-B2CD-4D15-891D-52BDA34DE1EE}"
EndProject
Project("{FAE04EC0-301F-11D3-BF4B-00C04F79EFBC}") = "Tyuiu.BelovaEA.Sprint2.Task1.V22.Lib", "Tyuiu.BelovaEA.Sprint2.Task1.V22.Lib\Tyuiu.BelovaEA.Sprint2.Task1.V22.Lib.csproj", "{4AAB5BF7-EE6A-4581-87B2-32FC60EE76F7}"
EndProject
Project("{2150E333-8FDC-42A3-9474-1A3956D46DE8}") = "Task2", "Task2", "{D92B41F4-2A3A-47DE-9298-9F2363579BFE}"
EndProject
Project("{FAE04EC0-301F-11D3-BF4B-00C04F79EFBC}") = "Tyuiu.BelovaEA.Sprint2.Task2.V17", "Tyuiu.BelovaEA.Sprint2.Task2.V17\Tyuiu.BelovaEA.Sprint2.Task2.V17.csproj", "{807257D3-A480-496A-B0EC-C76DD3AADF0E}"
EndProject
Project("{FAE04EC0-301F-11D3-BF4B-00C04F79EFBC}") = "Tyuiu.BelovaEA.Sprint2.Task2.V17.Lib", "Tyuiu.BelovaEA.Sprint2.Task2.V17.Lib\Tyuiu.BelovaEA.Sprint2.Task2.V17.Lib.csproj", "{C890C659-62F7-485C-BCB1-D27FF8C77ABA}"
EndProject
Project("{FAE04EC0-301F-11D3-BF4B-00C04F79EFBC}") = "Tyuiu.BelovaEA.Sprint2.Task2.V17.Test", "Tyuiu.BelovaEA.Sprint2.Task2.V17.Test\Tyuiu.BelovaEA.Sprint2.Task2.V17.Test.csproj", "{FBECD411-EE24-4A5F-B074-EF03F7FE249B}"
EndProject
Global
	GlobalSection(SolutionConfigurationPlatforms) = preSolution
		Debug|Any CPU = Debug|Any CPU
		Release|Any CPU = Release|Any CPU
	EndGlobalSection
	GlobalSection(ProjectConfigurationPlatforms) = postSolution
		{B6619F23-074A-4830-AB92-37B48B40ABDB}.Debug|Any CPU.ActiveCfg = Debug|Any CPU
		{B6619F23-074A-4830-AB92-37B48B40ABDB}.Debug|Any CPU.Build.0 = Debug|Any CPU
		{B6619F23-074A-4830-AB92-37B48B40ABDB}.Release|Any CPU.ActiveCfg = Release|Any CPU
		{B6619F23-074A-4830-AB92-37B48B40ABDB}.Release|Any CPU.Build.0 = Release|Any CPU
		{12A3F646-476A-4F96-89C7-18A0B09E775C}.Debug|Any CPU.ActiveCfg = Debug|Any CPU
		{12A3F646-476A-4F96-89C7-18A0B09E775C}.Debug|Any CPU.Build.0 = Debug|Any CPU
		{12A3F646-476A-4F96-89C7-18A0B09E775C}.Release|Any CPU.ActiveCfg = Release|Any CPU
		{12A3F646-476A-4F96-89C7-18A0B09E775C}.Release|Any CPU.Build.0 = Release|Any CPU
		{220623DB-29F8-4D76-A44A-37216A476C6B}.Debug|Any CPU.ActiveCfg = Debug|Any CPU
		{220623DB-29F8-4D76-A44A-37216A476C6B}.Debug|Any CPU.Build.0 = Debug|Any CPU
		{220623DB-29F8-4D76-A44A-37216A476C6B}.Release|Any CPU.ActiveCfg = Release|Any CPU
		{220623DB-29F8-4D76-A44A-37216A476C6B}.Release|Any CPU.Build.0 = Release|Any CPU
		{67C8BB7B-FCC9-4B21-B586-75831E72A73E}.Debug|Any CPU.ActiveCfg = Debug|Any CPU
		{67C8BB7B-FCC9-4B21-B586-75831E72A73E}.Debug|Any CPU.Build.0 = Debug|Any CPU
		{67C8BB7B-FCC9-4B21-B586-75831E72A73E}.Release|Any CPU.ActiveCfg = Release|Any CPU
		{67C8BB7B-FCC9-4B21-B586-75831E72A73E}.Release|Any CPU.Build.0 = Release|Any CPU
		{4CA7D5AD-B2CD-4D15-891D-52BDA34DE1EE}.Debug|Any CPU.ActiveCfg = Debug|Any CPU
		{4CA7D5AD-B2CD-4D15-891D-52BDA34DE1EE}.Debug|Any CPU.Build.0 = Debug|Any CPU
		{4CA7D5AD-B2CD-4D15-891D-52BDA34DE1EE}.Release|Any CPU.ActiveCfg = Release|Any CPU
		{4CA7D5AD-B2CD-4D15-891D-52BDA34DE1EE}.Release|Any CPU.Build.0 = Release|Any CPU
		{4AAB5BF7-EE6A-4581-87B2-32FC60EE76F7}.Debug|Any CPU.ActiveCfg = Debug|Any CPU
		{4AAB5BF7-EE6A-4581-87B2-32FC60EE76F7}.Debug|Any CPU.Build.0 = Debug|Any CPU
		{4AAB5BF7-EE6A-4581-87B2-32FC60EE76F7}.Release|Any CPU.ActiveCfg = Release|Any CPU
		{4AAB5BF7-EE6A-4581-87B2-32FC60EE76F7}.Release|Any CPU.Build.0 = Release|Any CPU
		{807257D3-A480-496A-B0EC-C76DD3AADF0E}.Debug|Any CPU.ActiveCfg = Debug|Any CPU
		{807257D3-A480-496A-B0EC-C76DD3AADF0E}.Debug|Any CPU.Build.0 = Debug|Any CPU
		{807257D3-A480-496A-B0EC-C76DD3AADF0E}.Release|Any CPU.ActiveCfg = Release|Any CPU
		{807257D3-A480-496A-B0EC-C76DD3AADF0E}.Release|Any CPU.Build.0 = Release|Any CPU
		{C890C659-62F7-485C-BCB1-D27FF8C77ABA}.Debug|Any CPU.ActiveCfg = Debug|Any CPU
		{C890C659-62F7-485C-BCB1-D27FF8C77ABA}.Debug|Any CPU.Build.0 = Debug|Any CPU
		{C890C659-62F7-485C-BCB1-D27FF8C77ABA}.Release|Any CPU.ActiveCfg = Release|Any CPU
		{C890C659-62F7-485C-BCB1-D27FF8C77ABA}.Release|Any CPU.Build.0 = Release|Any CPU
		{FBECD411-EE24-4A5F-B074-EF03F7FE249B}.Debug|Any CPU.ActiveCfg = Debug|Any CPU
		{FBECD411-EE24-4A5F-B074-EF03F7FE249B}.Debug|Any CPU.Build.0 = Debug|Any CPU
		{FBECD411-EE24-4A5F-B074-EF03F7FE249B}.Release|Any CPU.ActiveCfg = Release|Any CPU
		{FBECD411-EE24-4A5F-B074-EF03F7FE249B}.Release|Any CPU.Build.0 = Release|Any CPU
	EndGlobalSection
	GlobalSection(SolutionProperties) = preSolution
		HideSolutionNode = FALSE
	EndGlobalSection
	GlobalSection(NestedProjects) = preSolution
		{B6619F23-074A-4830-AB92-37B48B40ABDB} = {D7682FAE-2CC6-42EB-AC6E-5CDAA99048A2}
		{12A3F646-476A-4F96-89C7-18A0B09E775C} = {D7682FAE-2CC6-42EB-AC6E-5CDAA99048A2}
		{220623DB-29F8-4D76-A44A-37216A476C6B} = {D7682FAE-2CC6-42EB-AC6E-5CDAA99048A2}
		{67C8BB7B-FCC9-4B21-B586-75831E72A73E} = {50929512-B507-457B-912B-625CE9E0E507}
		{4CA7D5AD-B2CD-4D15-891D-52BDA34DE1EE} = {50929512-B507-457B-912B-625CE9E0E507}
		{4AAB5BF7-EE6A-4581-87B2-32FC60EE76F7} = {50929512-B507-457B-912B-625CE9E0E507}
		{807257D3-A480-496A-B0EC-C76DD3AADF0E} = {D92B41F4-2A3A-47DE-9298-9F2363579BFE}
		{C890C659-62F7-485C-BCB1-D27FF8C77ABA} = {D92B41F4-2A3A-47DE-9298-9F2363579BFE}
		{FBECD411-EE24-4A5F-B074-EF03F7FE249B} = {D92B41F4-2A3A-47DE-9298-9F2363579BFE}
	EndGlobalSection
	GlobalSection(ExtensibilityGlobals) = postSolution
		SolutionGuid = {DCE1FAB3-911E-4AA4-944E-C1BD01A4304A}
	EndGlobalSection
EndGlobal
